
Microsoft Visual Studio Solution File, Format Version 12.00
# Visual Studio Version 17
VisualStudioVersion = 17.13.35931.197 d17.13
MinimumVisualStudioVersion = 10.0.40219.1
Project("{FAE04EC0-301F-11D3-BF4B-00C04F79EFBC}") = "Bank", "Bank.csproj", "{3A4AE208-CF5D-4216-8D93-20760C3B36A2}"
EndProject
Project("{FAE04EC0-301F-11D3-BF4B-00C04F79EFBC}") = "BankTests", "..\BankTests\BankTests.csproj", "{D371E497-20CE-4317-9079-7043F4D9C468}"
EndProject
Global
	GlobalSection(SolutionConfigurationPlatforms) = preSolution
		Debug|Any CPU = Debug|Any CPU
		Release|Any CPU = Release|Any CPU
	EndGlobalSection
	GlobalSection(ProjectConfigurationPlatforms) = postSolution
		{3A4AE208-CF5D-4216-8D93-20760C3B36A2}.Debug|Any CPU.ActiveCfg = Debug|Any CPU
		{3A4AE208-CF5D-4216-8D93-20760C3B36A2}.Debug|Any CPU.Build.0 = Debug|Any CPU
		{3A4AE208-CF5D-4216-8D93-20760C3B36A2}.Release|Any CPU.ActiveCfg = Release|Any CPU
		{3A4AE208-CF5D-4216-8D93-20760C3B36A2}.Release|Any CPU.Build.0 = Release|Any CPU
		{D371E497-20CE-4317-9079-7043F4D9C468}.Debug|Any CPU.ActiveCfg = Debug|Any CPU
		{D371E497-20CE-4317-9079-7043F4D9C468}.Debug|Any CPU.Build.0 = Debug|Any CPU
		{D371E497-20CE-4317-9079-7043F4D9C468}.Release|Any CPU.ActiveCfg = Release|Any CPU
		{D371E497-20CE-4317-9079-7043F4D9C468}.Release|Any CPU.Build.0 = Release|Any CPU
	EndGlobalSection
	GlobalSection(SolutionProperties) = preSolution
		HideSolutionNode = FALSE
	EndGlobalSection
	GlobalSection(ExtensibilityGlobals) = postSolution
		SolutionGuid = {8E05610B-BCE6-46D0-B6F9-13E8DB7E884E}
	EndGlobalSection
EndGlobal
